
Microsoft Visual Studio Solution File, Format Version 12.00
# Visual Studio Version 16
VisualStudioVersion = 16.0.29609.76
MinimumVisualStudioVersion = 10.0.40219.1
Project("{FAE04EC0-301F-11D3-BF4B-00C04F79EFBC}") = "Leetcode", "Leetcode\Leetcode.csproj", "{EAD08785-6741-46EF-B465-74C41FCC3730}"
EndProject
Global
	GlobalSection(SolutionConfigurationPlatforms) = preSolution
		Debug|Any CPU = Debug|Any CPU
		Release|Any CPU = Release|Any CPU
	EndGlobalSection
	GlobalSection(ProjectConfigurationPlatforms) = postSolution
		{EAD08785-6741-46EF-B465-74C41FCC3730}.Debug|Any CPU.ActiveCfg = Debug|Any CPU
		{EAD08785-6741-46EF-B465-74C41FCC3730}.Debug|Any CPU.Build.0 = Debug|Any CPU
		{EAD08785-6741-46EF-B465-74C41FCC3730}.Release|Any CPU.ActiveCfg = Release|Any CPU
		{EAD08785-6741-46EF-B465-74C41FCC3730}.Release|Any CPU.Build.0 = Release|Any CPU
	EndGlobalSection
	GlobalSection(SolutionProperties) = preSolution
		HideSolutionNode = FALSE
	EndGlobalSection
	GlobalSection(ExtensibilityGlobals) = postSolution
		SolutionGuid = {C7225A02-DEB8-4B07-9172-8F7C098E8B0B}
	EndGlobalSection
EndGlobal
